
Microsoft Visual Studio Solution File, Format Version 12.00
# Visual Studio 15
VisualStudioVersion = 15.0.28307.168
MinimumVisualStudioVersion = 10.0.40219.1
Project("{FAE04EC0-301F-11D3-BF4B-00C04F79EFBC}") = "ProxiEdge.FaceId", "ProxiEdge.FaceId\ProxiEdge.FaceId.csproj", "{73BAE812-5030-4233-8943-F65875778C68}"
EndProject
Global
	GlobalSection(SolutionConfigurationPlatforms) = preSolution
		Debug|Any CPU = Debug|Any CPU
		Release|Any CPU = Release|Any CPU
	EndGlobalSection
	GlobalSection(ProjectConfigurationPlatforms) = postSolution
		{73BAE812-5030-4233-8943-F65875778C68}.Debug|Any CPU.ActiveCfg = Debug|Any CPU
		{73BAE812-5030-4233-8943-F65875778C68}.Debug|Any CPU.Build.0 = Debug|Any CPU
		{73BAE812-5030-4233-8943-F65875778C68}.Release|Any CPU.ActiveCfg = Release|Any CPU
		{73BAE812-5030-4233-8943-F65875778C68}.Release|Any CPU.Build.0 = Release|Any CPU
	EndGlobalSection
	GlobalSection(SolutionProperties) = preSolution
		HideSolutionNode = FALSE
	EndGlobalSection
	GlobalSection(ExtensibilityGlobals) = postSolution
		SolutionGuid = {2D9E045B-1462-4A69-A767-E57488BB014C}
	EndGlobalSection
EndGlobal
